
Microsoft Visual Studio Solution File, Format Version 12.00
# Visual Studio Version 17
VisualStudioVersion = 17.4.33122.133
MinimumVisualStudioVersion = 10.0.40219.1
Project("{FAE04EC0-301F-11D3-BF4B-00C04F79EFBC}") = "POO part 3 (Interfaces)", "POO part 3 (Interfaces)\POO part 3 (Interfaces).csproj", "{0B5A138C-55BC-4B62-A619-F33697107A64}"
EndProject
Global
	GlobalSection(SolutionConfigurationPlatforms) = preSolution
		Debug|Any CPU = Debug|Any CPU
		Release|Any CPU = Release|Any CPU
	EndGlobalSection
	GlobalSection(ProjectConfigurationPlatforms) = postSolution
		{0B5A138C-55BC-4B62-A619-F33697107A64}.Debug|Any CPU.ActiveCfg = Debug|Any CPU
		{0B5A138C-55BC-4B62-A619-F33697107A64}.Debug|Any CPU.Build.0 = Debug|Any CPU
		{0B5A138C-55BC-4B62-A619-F33697107A64}.Release|Any CPU.ActiveCfg = Release|Any CPU
		{0B5A138C-55BC-4B62-A619-F33697107A64}.Release|Any CPU.Build.0 = Release|Any CPU
	EndGlobalSection
	GlobalSection(SolutionProperties) = preSolution
		HideSolutionNode = FALSE
	EndGlobalSection
	GlobalSection(ExtensibilityGlobals) = postSolution
		SolutionGuid = {FAFEE925-1E21-4966-BA5D-DCF53FE64BFC}
	EndGlobalSection
EndGlobal
