
Microsoft Visual Studio Solution File, Format Version 12.00
# Visual Studio Version 17
VisualStudioVersion = 17.4.33122.133
MinimumVisualStudioVersion = 10.0.40219.1
Project("{9A19103F-16F7-4668-BE54-9A1E7A4F7556}") = "ApiExemplo(Aula 2).api", "ApiExemplo.api\ApiExemplo(Aula 2).api.csproj", "{BE2C99AA-90CD-4F1F-ABA6-1FB3644946AD}"
EndProject
Global
	GlobalSection(SolutionConfigurationPlatforms) = preSolution
		Debug|Any CPU = Debug|Any CPU
		Release|Any CPU = Release|Any CPU
	EndGlobalSection
	GlobalSection(ProjectConfigurationPlatforms) = postSolution
		{BE2C99AA-90CD-4F1F-ABA6-1FB3644946AD}.Debug|Any CPU.ActiveCfg = Debug|Any CPU
		{BE2C99AA-90CD-4F1F-ABA6-1FB3644946AD}.Debug|Any CPU.Build.0 = Debug|Any CPU
		{BE2C99AA-90CD-4F1F-ABA6-1FB3644946AD}.Release|Any CPU.ActiveCfg = Release|Any CPU
		{BE2C99AA-90CD-4F1F-ABA6-1FB3644946AD}.Release|Any CPU.Build.0 = Release|Any CPU
	EndGlobalSection
	GlobalSection(SolutionProperties) = preSolution
		HideSolutionNode = FALSE
	EndGlobalSection
	GlobalSection(ExtensibilityGlobals) = postSolution
		SolutionGuid = {042EA322-3B0E-46E0-985A-8F26E13C22CE}
	EndGlobalSection
EndGlobal
