
Microsoft Visual Studio Solution File, Format Version 12.00
# Visual Studio Version 17
VisualStudioVersion = 17.4.33122.133
MinimumVisualStudioVersion = 10.0.40219.1
Project("{FAE04EC0-301F-11D3-BF4B-00C04F79EFBC}") = "POO LINQ", "POO LINQ\POO LINQ.csproj", "{6228FB56-9E13-4250-9DBB-F127D3ECAAF1}"
EndProject
Global
	GlobalSection(SolutionConfigurationPlatforms) = preSolution
		Debug|Any CPU = Debug|Any CPU
		Release|Any CPU = Release|Any CPU
	EndGlobalSection
	GlobalSection(ProjectConfigurationPlatforms) = postSolution
		{6228FB56-9E13-4250-9DBB-F127D3ECAAF1}.Debug|Any CPU.ActiveCfg = Debug|Any CPU
		{6228FB56-9E13-4250-9DBB-F127D3ECAAF1}.Debug|Any CPU.Build.0 = Debug|Any CPU
		{6228FB56-9E13-4250-9DBB-F127D3ECAAF1}.Release|Any CPU.ActiveCfg = Release|Any CPU
		{6228FB56-9E13-4250-9DBB-F127D3ECAAF1}.Release|Any CPU.Build.0 = Release|Any CPU
	EndGlobalSection
	GlobalSection(SolutionProperties) = preSolution
		HideSolutionNode = FALSE
	EndGlobalSection
	GlobalSection(ExtensibilityGlobals) = postSolution
		SolutionGuid = {8ECA2CE3-4BE9-45D6-A777-859302DDC337}
	EndGlobalSection
EndGlobal
