
Microsoft Visual Studio Solution File, Format Version 12.00
# Visual Studio Version 17
VisualStudioVersion = 17.4.33122.133
MinimumVisualStudioVersion = 10.0.40219.1
Project("{FAE04EC0-301F-11D3-BF4B-00C04F79EFBC}") = "API.SqlServer", "API.SqlServer\API.SqlServer.csproj", "{F8409C92-ADE4-4CF5-A119-77B9FBC7C5FA}"
EndProject
Global
	GlobalSection(SolutionConfigurationPlatforms) = preSolution
		Debug|Any CPU = Debug|Any CPU
		Release|Any CPU = Release|Any CPU
	EndGlobalSection
	GlobalSection(ProjectConfigurationPlatforms) = postSolution
		{F8409C92-ADE4-4CF5-A119-77B9FBC7C5FA}.Debug|Any CPU.ActiveCfg = Debug|Any CPU
		{F8409C92-ADE4-4CF5-A119-77B9FBC7C5FA}.Debug|Any CPU.Build.0 = Debug|Any CPU
		{F8409C92-ADE4-4CF5-A119-77B9FBC7C5FA}.Release|Any CPU.ActiveCfg = Release|Any CPU
		{F8409C92-ADE4-4CF5-A119-77B9FBC7C5FA}.Release|Any CPU.Build.0 = Release|Any CPU
	EndGlobalSection
	GlobalSection(SolutionProperties) = preSolution
		HideSolutionNode = FALSE
	EndGlobalSection
	GlobalSection(ExtensibilityGlobals) = postSolution
		SolutionGuid = {FA2C03CD-1228-452C-836D-52201FFDCB70}
	EndGlobalSection
EndGlobal
