
Microsoft Visual Studio Solution File, Format Version 12.00
# Visual Studio Version 17
VisualStudioVersion = 17.4.33122.133
MinimumVisualStudioVersion = 10.0.40219.1
Project("{FAE04EC0-301F-11D3-BF4B-00C04F79EFBC}") = "Aula10", "Aula10\Aula10.csproj", "{7B9DAEF2-9AE8-472C-BCBB-7822755EBF26}"
EndProject
Global
	GlobalSection(SolutionConfigurationPlatforms) = preSolution
		Debug|Any CPU = Debug|Any CPU
		Release|Any CPU = Release|Any CPU
	EndGlobalSection
	GlobalSection(ProjectConfigurationPlatforms) = postSolution
		{7B9DAEF2-9AE8-472C-BCBB-7822755EBF26}.Debug|Any CPU.ActiveCfg = Debug|Any CPU
		{7B9DAEF2-9AE8-472C-BCBB-7822755EBF26}.Debug|Any CPU.Build.0 = Debug|Any CPU
		{7B9DAEF2-9AE8-472C-BCBB-7822755EBF26}.Release|Any CPU.ActiveCfg = Release|Any CPU
		{7B9DAEF2-9AE8-472C-BCBB-7822755EBF26}.Release|Any CPU.Build.0 = Release|Any CPU
	EndGlobalSection
	GlobalSection(SolutionProperties) = preSolution
		HideSolutionNode = FALSE
	EndGlobalSection
	GlobalSection(ExtensibilityGlobals) = postSolution
		SolutionGuid = {7CC78124-6E34-4FC8-98AD-3EB68BEFD4DA}
	EndGlobalSection
EndGlobal
