
Microsoft Visual Studio Solution File, Format Version 12.00
# Visual Studio Version 17
VisualStudioVersion = 17.4.33122.133
MinimumVisualStudioVersion = 10.0.40219.1
Project("{FAE04EC0-301F-11D3-BF4B-00C04F79EFBC}") = "AULA_07", "AULA_07\AULA_07.csproj", "{03B56CA5-7190-4464-82C9-7797DCCAB815}"
EndProject
Global
	GlobalSection(SolutionConfigurationPlatforms) = preSolution
		Debug|Any CPU = Debug|Any CPU
		Release|Any CPU = Release|Any CPU
	EndGlobalSection
	GlobalSection(ProjectConfigurationPlatforms) = postSolution
		{03B56CA5-7190-4464-82C9-7797DCCAB815}.Debug|Any CPU.ActiveCfg = Debug|Any CPU
		{03B56CA5-7190-4464-82C9-7797DCCAB815}.Debug|Any CPU.Build.0 = Debug|Any CPU
		{03B56CA5-7190-4464-82C9-7797DCCAB815}.Release|Any CPU.ActiveCfg = Release|Any CPU
		{03B56CA5-7190-4464-82C9-7797DCCAB815}.Release|Any CPU.Build.0 = Release|Any CPU
	EndGlobalSection
	GlobalSection(SolutionProperties) = preSolution
		HideSolutionNode = FALSE
	EndGlobalSection
	GlobalSection(ExtensibilityGlobals) = postSolution
		SolutionGuid = {98DE9B4F-1E9A-4548-A3D3-F8E273FCF465}
	EndGlobalSection
EndGlobal
