
Microsoft Visual Studio Solution File, Format Version 12.00
# Visual Studio Version 17
VisualStudioVersion = 17.4.33122.133
MinimumVisualStudioVersion = 10.0.40219.1
Project("{FAE04EC0-301F-11D3-BF4B-00C04F79EFBC}") = "ExercicioAula19", "ExercicioAula19\ExercicioAula19.csproj", "{84DF8444-BD44-40DB-8971-FEF3C449C38F}"
EndProject
Global
	GlobalSection(SolutionConfigurationPlatforms) = preSolution
		Debug|Any CPU = Debug|Any CPU
		Release|Any CPU = Release|Any CPU
	EndGlobalSection
	GlobalSection(ProjectConfigurationPlatforms) = postSolution
		{84DF8444-BD44-40DB-8971-FEF3C449C38F}.Debug|Any CPU.ActiveCfg = Debug|Any CPU
		{84DF8444-BD44-40DB-8971-FEF3C449C38F}.Debug|Any CPU.Build.0 = Debug|Any CPU
		{84DF8444-BD44-40DB-8971-FEF3C449C38F}.Release|Any CPU.ActiveCfg = Release|Any CPU
		{84DF8444-BD44-40DB-8971-FEF3C449C38F}.Release|Any CPU.Build.0 = Release|Any CPU
	EndGlobalSection
	GlobalSection(SolutionProperties) = preSolution
		HideSolutionNode = FALSE
	EndGlobalSection
	GlobalSection(ExtensibilityGlobals) = postSolution
		SolutionGuid = {358EAACD-B49A-4251-8030-AA4D91C7AAEA}
	EndGlobalSection
EndGlobal
